
Microsoft Visual Studio Solution File, Format Version 12.00
# Visual Studio Version 17
VisualStudioVersion = 17.3.32825.248
MinimumVisualStudioVersion = 10.0.40219.1
Project("{FAE04EC0-301F-11D3-BF4B-00C04F79EFBC}") = "CSDotNet", "CSDotNet.csproj", "{F77B7975-D21F-490F-9CF2-5A6795869F93}"
EndProject
Global
	GlobalSection(SolutionConfigurationPlatforms) = preSolution
		Debug|Any CPU = Debug|Any CPU
		Release|Any CPU = Release|Any CPU
	EndGlobalSection
	GlobalSection(ProjectConfigurationPlatforms) = postSolution
		{F77B7975-D21F-490F-9CF2-5A6795869F93}.Debug|Any CPU.ActiveCfg = Debug|Any CPU
		{F77B7975-D21F-490F-9CF2-5A6795869F93}.Debug|Any CPU.Build.0 = Debug|Any CPU
		{F77B7975-D21F-490F-9CF2-5A6795869F93}.Release|Any CPU.ActiveCfg = Release|Any CPU
		{F77B7975-D21F-490F-9CF2-5A6795869F93}.Release|Any CPU.Build.0 = Release|Any CPU
	EndGlobalSection
	GlobalSection(SolutionProperties) = preSolution
		HideSolutionNode = FALSE
	EndGlobalSection
	GlobalSection(ExtensibilityGlobals) = postSolution
		SolutionGuid = {AB43D06E-2DD7-488B-994B-B08BA2CBA7AF}
	EndGlobalSection
EndGlobal
